
Microsoft Visual Studio Solution File, Format Version 12.00
# Visual Studio Version 17
VisualStudioVersion = 17.11.35327.3
MinimumVisualStudioVersion = 10.0.40219.1
Project("{FAE04EC0-301F-11D3-BF4B-00C04F79EFBC}") = "TelceanLorenaAlexiaLab7", "TelceanLorenaAlexiaLab7.csproj", "{95B8DD2A-6787-48A9-8554-6F6482880CCE}"
EndProject
Global
	GlobalSection(SolutionConfigurationPlatforms) = preSolution
		Debug|Any CPU = Debug|Any CPU
		Release|Any CPU = Release|Any CPU
	EndGlobalSection
	GlobalSection(ProjectConfigurationPlatforms) = postSolution
		{95B8DD2A-6787-48A9-8554-6F6482880CCE}.Debug|Any CPU.ActiveCfg = Debug|Any CPU
		{95B8DD2A-6787-48A9-8554-6F6482880CCE}.Debug|Any CPU.Build.0 = Debug|Any CPU
		{95B8DD2A-6787-48A9-8554-6F6482880CCE}.Debug|Any CPU.Deploy.0 = Debug|Any CPU
		{95B8DD2A-6787-48A9-8554-6F6482880CCE}.Release|Any CPU.ActiveCfg = Release|Any CPU
		{95B8DD2A-6787-48A9-8554-6F6482880CCE}.Release|Any CPU.Build.0 = Release|Any CPU
		{95B8DD2A-6787-48A9-8554-6F6482880CCE}.Release|Any CPU.Deploy.0 = Release|Any CPU
	EndGlobalSection
	GlobalSection(SolutionProperties) = preSolution
		HideSolutionNode = FALSE
	EndGlobalSection
	GlobalSection(ExtensibilityGlobals) = postSolution
		SolutionGuid = {3AFA4AAE-DBD7-4163-911E-5FD28A635946}
	EndGlobalSection
EndGlobal
